<?xml version="1.0" encoding="UTF-8" standalone="yes" ?>
<CodeBlocks_project_file>
	<FileVersion major="1" minor="6" />
	<Project>
		<Option title="For FW" />
		<Option pch_mode="2" />
		<Option compiler="gcc" />
		<Build>
			<Target title="default">
				<Option output="For FW" prefix_auto="1" extension_auto="1" />
				<Option type="1" />
				<Option compiler="gcc" />
			</Target>
		</Build>
		<Unit filename="Bashlangic.cpp" />
		<Unit filename="Emeliyyat Secimi.cpp" />
		<Unit filename="Giris ve Qeydiyyat.cpp" />
		<Extensions />
	</Project>
</CodeBlocks_project_file>
